
Microsoft Visual Studio Solution File, Format Version 12.00
# Visual Studio Version 17
VisualStudioVersion = 17.14.36414.22
MinimumVisualStudioVersion = 10.0.40219.1
Project("{FAE04EC0-301F-11D3-BF4B-00C04F79EFBC}") = "Digifair.API.New", "Digifair.API.New\Digifair.API.New.csproj", "{136B380E-0579-47BE-BE9B-6EFC8F559242}"
EndProject
Global
	GlobalSection(SolutionConfigurationPlatforms) = preSolution
		Debug|Any CPU = Debug|Any CPU
		Release|Any CPU = Release|Any CPU
	EndGlobalSection
	GlobalSection(ProjectConfigurationPlatforms) = postSolution
		{136B380E-0579-47BE-BE9B-6EFC8F559242}.Debug|Any CPU.ActiveCfg = Debug|Any CPU
		{136B380E-0579-47BE-BE9B-6EFC8F559242}.Debug|Any CPU.Build.0 = Debug|Any CPU
		{136B380E-0579-47BE-BE9B-6EFC8F559242}.Release|Any CPU.ActiveCfg = Release|Any CPU
		{136B380E-0579-47BE-BE9B-6EFC8F559242}.Release|Any CPU.Build.0 = Release|Any CPU
	EndGlobalSection
	GlobalSection(SolutionProperties) = preSolution
		HideSolutionNode = FALSE
	EndGlobalSection
	GlobalSection(ExtensibilityGlobals) = postSolution
		SolutionGuid = {60004189-C611-445A-BF50-3DAA97F70887}
	EndGlobalSection
EndGlobal
